{
  "name": "Shift-Reduce-Parser-Project",
  "lockfileVersion": 3,
  "requires": true,
  "packages": {
    "": {
      "dependencies": {
        "lucide-react": "^0.525.0",
        "motion": "^12.23.3",
        "react-player": "^3.3.1"
      }
    },
    "node_modules/@mux/mux-data-google-ima": {
      "version": "0.2.8",
      "resolved": "https://registry.npmjs.org/@mux/mux-data-google-ima/-/mux-data-google-ima-0.2.8.tgz",
      "integrity": "sha512-0ZEkHdcZ6bS8QtcjFcoJeZxJTpX7qRIledf4q1trMWPznugvtajCjCM2kieK/pzkZj1JM6liDRFs1PJSfVUs2A==",
      "dependencies": {
        "mux-embed": "5.9.0"
      }
    },
    "node_modules/@mux/mux-player": {
      "version": "3.5.3",
      "resolved": "https://registry.npmjs.org/@mux/mux-player/-/mux-player-3.5.3.tgz",
      "integrity": "sha512-uXKFXbdtioAi+clSVfD60Rw4r7OvA62u2jV6aar9loW9qMsmKv8LU+8uaIaWQjyAORp6E0S37GOVjo72T6O2eQ==",
      "dependencies": {
        "@mux/mux-video": "0.26.1",
        "@mux/playback-core": "0.30.1",
        "media-chrome": "~4.11.1",
        "player.style": "^0.1.9"
      }
    },
    "node_modules/@mux/mux-player-react": {
      "version": "3.5.3",
      "resolved": "https://registry.npmjs.org/@mux/mux-player-react/-/mux-player-react-3.5.3.tgz",
      "integrity": "sha512-f0McZbIXYDkzecFwhhkf0JgEInPnsOClgBqBhkdhRlLRdrAzMATib+D3Di3rPkRHNH7rc/WWORvSxgJz6m6zkA==",
      "dependencies": {
        "@mux/mux-player": "3.5.3",
        "@mux/playback-core": "0.30.1",
        "prop-types": "^15.8.1"
      },
      "peerDependencies": {
        "@types/react": "^17.0.0 || ^17.0.0-0 || ^18 || ^18.0.0-0 || ^19 || ^19.0.0-0",
        "react": "^17.0.2 || ^17.0.0-0 || ^18 || ^18.0.0-0 || ^19 || ^19.0.0-0",
        "react-dom": "^17.0.2 || ^17.0.2-0 || ^18 || ^18.0.0-0 || ^19 || ^19.0.0-0"
      },
      "peerDependenciesMeta": {
        "@types/react": {
          "optional": true
        },
        "@types/react-dom": {
          "optional": true
        }
      }
    },
    "node_modules/@mux/mux-video": {
      "version": "0.26.1",
      "resolved": "https://registry.npmjs.org/@mux/mux-video/-/mux-video-0.26.1.tgz",
      "integrity": "sha512-gkMdBAgNlB4+krANZHkQFzYWjWeNsJz69y1/hnPtmNQnpvW+O7oc71OffcZrbblyibSxWMQ6MQpYmBVjXlp6sA==",
      "dependencies": {
        "@mux/mux-data-google-ima": "0.2.8",
        "@mux/playback-core": "0.30.1",
        "castable-video": "~1.1.10",
        "custom-media-element": "~1.4.5",
        "media-tracks": "~0.3.3"
      }
    },
    "node_modules/@mux/playback-core": {
      "version": "0.30.1",
      "resolved": "https://registry.npmjs.org/@mux/playback-core/-/playback-core-0.30.1.tgz",
      "integrity": "sha512-rnO1NE9xHDyzbAkmE6ygJYcD7cyyMt7xXqWTykxlceaoSXLjUqgp42HDio7Lcidto4x/O4FIa7ztjV2aCBCXgQ==",
      "dependencies": {
        "hls.js": "~1.6.6",
        "mux-embed": "^5.8.3"
      }
    },
    "node_modules/@svta/common-media-library": {
      "version": "0.12.4",
      "resolved": "https://registry.npmjs.org/@svta/common-media-library/-/common-media-library-0.12.4.tgz",
      "integrity": "sha512-9EuOoaNmz7JrfGwjsrD9SxF9otU5TNMnbLu1yU4BeLK0W5cDxVXXR58Z89q9u2AnHjIctscjMTYdlqQ1gojTuw=="
    },
    "node_modules/@types/react": {
      "version": "19.1.11",
      "resolved": "https://registry.npmjs.org/@types/react/-/react-19.1.11.tgz",
      "integrity": "sha512-lr3jdBw/BGj49Eps7EvqlUaoeA0xpj3pc0RoJkHpYaCHkVK7i28dKyImLQb3JVlqs3aYSXf7qYuWOW/fgZnTXQ==",
      "peer": true,
      "dependencies": {
        "csstype": "^3.0.2"
      }
    },
    "node_modules/@vercel/edge": {
      "version": "1.2.2",
      "resolved": "https://registry.npmjs.org/@vercel/edge/-/edge-1.2.2.tgz",
      "integrity": "sha512-1+y+f6rk0Yc9ss9bRDgz/gdpLimwoRteKHhrcgHvEpjbP1nyT3ByqEMWm2BTcpIO5UtDmIFXc8zdq4LR190PDA=="
    },
    "node_modules/@vimeo/player": {
      "version": "2.29.0",
      "resolved": "https://registry.npmjs.org/@vimeo/player/-/player-2.29.0.tgz",
      "integrity": "sha512-9JjvjeqUndb9otCCFd0/+2ESsLk7VkDE6sxOBy9iy2ukezuQbplVRi+g9g59yAurKofbmTi/KcKxBGO/22zWRw==",
      "dependencies": {
        "native-promise-only": "0.8.1",
        "weakmap-polyfill": "2.0.4"
      }
    },
    "node_modules/bcp-47": {
      "version": "2.1.0",
      "resolved": "https://registry.npmjs.org/bcp-47/-/bcp-47-2.1.0.tgz",
      "integrity": "sha512-9IIS3UPrvIa1Ej+lVDdDwO7zLehjqsaByECw0bu2RRGP73jALm6FYbzI5gWbgHLvNdkvfXB5YrSbocZdOS0c0w==",
      "dependencies": {
        "is-alphabetical": "^2.0.0",
        "is-alphanumerical": "^2.0.0",
        "is-decimal": "^2.0.0"
      },
      "funding": {
        "type": "github",
        "url": "https://github.com/sponsors/wooorm"
      }
    },
    "node_modules/bcp-47-match": {
      "version": "2.0.3",
      "resolved": "https://registry.npmjs.org/bcp-47-match/-/bcp-47-match-2.0.3.tgz",
      "integrity": "sha512-JtTezzbAibu8G0R9op9zb3vcWZd9JF6M0xOYGPn0fNCd7wOpRB1mU2mH9T8gaBGbAAyIIVgB2G7xG0GP98zMAQ==",
      "funding": {
        "type": "github",
        "url": "https://github.com/sponsors/wooorm"
      }
    },
    "node_modules/bcp-47-normalize": {
      "version": "2.3.0",
      "resolved": "https://registry.npmjs.org/bcp-47-normalize/-/bcp-47-normalize-2.3.0.tgz",
      "integrity": "sha512-8I/wfzqQvttUFz7HVJgIZ7+dj3vUaIyIxYXaTRP1YWoSDfzt6TUmxaKZeuXR62qBmYr+nvuWINFRl6pZ5DlN4Q==",
      "dependencies": {
        "bcp-47": "^2.0.0",
        "bcp-47-match": "^2.0.0"
      },
      "funding": {
        "type": "github",
        "url": "https://github.com/sponsors/wooorm"
      }
    },
    "node_modules/castable-video": {
      "version": "1.1.10",
      "resolved": "https://registry.npmjs.org/castable-video/-/castable-video-1.1.10.tgz",
      "integrity": "sha512-/T1I0A4VG769wTEZ8gWuy1Crn9saAfRTd1UYTb8xbOPlN78+zOi/1nU2dD5koNkfE5VWvgabkIqrGKmyNXOjSQ==",
      "dependencies": {
        "custom-media-element": "~1.4.5"
      }
    },
    "node_modules/ce-la-react": {
      "version": "0.3.1",
      "resolved": "https://registry.npmjs.org/ce-la-react/-/ce-la-react-0.3.1.tgz",
      "integrity": "sha512-g0YwpZDPIwTwFumGTzNHcgJA6VhFfFCJkSNdUdC04br2UfU+56JDrJrJva3FZ7MToB4NDHAFBiPE/PZdNl1mQA==",
      "peerDependencies": {
        "react": ">=17.0.0"
      }
    },
    "node_modules/cloudflare-video-element": {
      "version": "1.3.4",
      "resolved": "https://registry.npmjs.org/cloudflare-video-element/-/cloudflare-video-element-1.3.4.tgz",
      "integrity": "sha512-F9g+tXzGEXI6v6L48qXxr8vnR8+L6yy7IhpJxK++lpzuVekMHTixxH7/dzLuq6OacVGziU4RB5pzZYJ7/LYtJg=="
    },
    "node_modules/codem-isoboxer": {
      "version": "0.3.10",
      "resolved": "https://registry.npmjs.org/codem-isoboxer/-/codem-isoboxer-0.3.10.tgz",
      "integrity": "sha512-eNk3TRV+xQMJ1PEj0FQGY8KD4m0GPxT487XJ+Iftm7mVa9WpPFDMWqPt+46buiP5j5Wzqe5oMIhqBcAeKfygSA=="
    },
    "node_modules/csstype": {
      "version": "3.1.3",
      "resolved": "https://registry.npmjs.org/csstype/-/csstype-3.1.3.tgz",
      "integrity": "sha512-M1uQkMl8rQK/szD0LNhtqxIPLpimGm8sOBwU7lLnCpSbTyY3yeU1Vc7l4KT5zT4s/yOxHH5O7tIuuLOCnLADRw==",
      "peer": true
    },
    "node_modules/custom-media-element": {
      "version": "1.4.5",
      "resolved": "https://registry.npmjs.org/custom-media-element/-/custom-media-element-1.4.5.tgz",
      "integrity": "sha512-cjrsQufETwxjvwZbYbKBCJNvmQ2++G9AvT45zDi7NXL9k2PdVcs2h0jQz96J6G4TMKRCcEsoJ+QTgQD00Igtjw=="
    },
    "node_modules/dash-video-element": {
      "version": "0.1.6",
      "resolved": "https://registry.npmjs.org/dash-video-element/-/dash-video-element-0.1.6.tgz",
      "integrity": "sha512-4gHShaQjcFv6diX5EzB6qAdUGKlIUGGZY8J8yp2pQkWqR0jX4c6plYy0cFraN7mr0DZINe8ujDN1fssDYxJjcg==",
      "dependencies": {
        "custom-media-element": "^1.4.5",
        "dashjs": "^5.0.3"
      }
    },
    "node_modules/dashjs": {
      "version": "5.0.3",
      "resolved": "https://registry.npmjs.org/dashjs/-/dashjs-5.0.3.tgz",
      "integrity": "sha512-TXndNnCUjFjF2nYBxDVba+hWRpVkadkQ8flLp7kHkem+5+wZTfRShJCnVkPUosmjS0YPE9fVNLbYPJxHBeQZvA==",
      "dependencies": {
        "@svta/common-media-library": "^0.12.4",
        "bcp-47-match": "^2.0.3",
        "bcp-47-normalize": "^2.3.0",
        "codem-isoboxer": "0.3.10",
        "fast-deep-equal": "3.1.3",
        "html-entities": "^2.5.2",
        "imsc": "^1.1.5",
        "localforage": "^1.10.0",
        "path-browserify": "^1.0.1",
        "ua-parser-js": "^1.0.37"
      }
    },
    "node_modules/fast-deep-equal": {
      "version": "3.1.3",
      "resolved": "https://registry.npmjs.org/fast-deep-equal/-/fast-deep-equal-3.1.3.tgz",
      "integrity": "sha512-f3qQ9oQy9j2AhBe/H9VC91wLmKBCCU/gDOnKNAYG5hswO7BLKj09Hc5HYNz9cGI++xlpDCIgDaitVs03ATR84Q=="
    },
    "node_modules/framer-motion": {
      "version": "12.23.3",
      "resolved": "https://registry.npmjs.org/framer-motion/-/framer-motion-12.23.3.tgz",
      "integrity": "sha512-llmLkf44zuIZOPSrE4bl4J0UTg6bav+rlKEfMRKgvDMXqBrUtMg6cspoQeRVK3nqRLxTmAJhfGXk39UDdZD7Kw==",
      "dependencies": {
        "motion-dom": "^12.23.2",
        "motion-utils": "^12.23.2",
        "tslib": "^2.4.0"
      },
      "peerDependencies": {
        "@emotion/is-prop-valid": "*",
        "react": "^18.0.0 || ^19.0.0",
        "react-dom": "^18.0.0 || ^19.0.0"
      },
      "peerDependenciesMeta": {
        "@emotion/is-prop-valid": {
          "optional": true
        },
        "react": {
          "optional": true
        },
        "react-dom": {
          "optional": true
        }
      }
    },
    "node_modules/hls-video-element": {
      "version": "1.5.7",
      "resolved": "https://registry.npmjs.org/hls-video-element/-/hls-video-element-1.5.7.tgz",
      "integrity": "sha512-R+uYimNZQndT2iqBgW7Gm0KiHT6pmlt5tnT63rYIcqOEcKD59M6pmdwqtX2vKPfHo+1ACM14Fy9JF1YMwlrLdQ==",
      "dependencies": {
        "custom-media-element": "^1.4.5",
        "hls.js": "^1.6.5",
        "media-tracks": "^0.3.3"
      }
    },
    "node_modules/hls.js": {
      "version": "1.6.10",
      "resolved": "https://registry.npmjs.org/hls.js/-/hls.js-1.6.10.tgz",
      "integrity": "sha512-16XHorwFNh+hYazYxDNXBLEm5aRoU+oxMX6qVnkbGH3hJil4xLav3/M6NH92VkD1qSOGKXeSm+5unuawPXK6OQ=="
    },
    "node_modules/html-entities": {
      "version": "2.6.0",
      "resolved": "https://registry.npmjs.org/html-entities/-/html-entities-2.6.0.tgz",
      "integrity": "sha512-kig+rMn/QOVRvr7c86gQ8lWXq+Hkv6CbAH1hLu+RG338StTpE8Z0b44SDVaqVu7HGKf27frdmUYEs9hTUX/cLQ==",
      "funding": [
        {
          "type": "github",
          "url": "https://github.com/sponsors/mdevils"
        },
        {
          "type": "patreon",
          "url": "https://patreon.com/mdevils"
        }
      ]
    },
    "node_modules/immediate": {
      "version": "3.0.6",
      "resolved": "https://registry.npmjs.org/immediate/-/immediate-3.0.6.tgz",
      "integrity": "sha512-XXOFtyqDjNDAQxVfYxuF7g9Il/IbWmmlQg2MYKOH8ExIT1qg6xc4zyS3HaEEATgs1btfzxq15ciUiY7gjSXRGQ=="
    },
    "node_modules/imsc": {
      "version": "1.1.5",
      "resolved": "https://registry.npmjs.org/imsc/-/imsc-1.1.5.tgz",
      "integrity": "sha512-V8je+CGkcvGhgl2C1GlhqFFiUOIEdwXbXLiu1Fcubvvbo+g9inauqT3l0pNYXGoLPBj3jxtZz9t+wCopMkwadQ==",
      "dependencies": {
        "sax": "1.2.1"
      }
    },
    "node_modules/is-alphabetical": {
      "version": "2.0.1",
      "resolved": "https://registry.npmjs.org/is-alphabetical/-/is-alphabetical-2.0.1.tgz",
      "integrity": "sha512-FWyyY60MeTNyeSRpkM2Iry0G9hpr7/9kD40mD/cGQEuilcZYS4okz8SN2Q6rLCJ8gbCt6fN+rC+6tMGS99LaxQ==",
      "funding": {
        "type": "github",
        "url": "https://github.com/sponsors/wooorm"
      }
    },
    "node_modules/is-alphanumerical": {
      "version": "2.0.1",
      "resolved": "https://registry.npmjs.org/is-alphanumerical/-/is-alphanumerical-2.0.1.tgz",
      "integrity": "sha512-hmbYhX/9MUMF5uh7tOXyK/n0ZvWpad5caBA17GsC6vyuCqaWliRG5K1qS9inmUhEMaOBIW7/whAnSwveW/LtZw==",
      "dependencies": {
        "is-alphabetical": "^2.0.0",
        "is-decimal": "^2.0.0"
      },
      "funding": {
        "type": "github",
        "url": "https://github.com/sponsors/wooorm"
      }
    },
    "node_modules/is-decimal": {
      "version": "2.0.1",
      "resolved": "https://registry.npmjs.org/is-decimal/-/is-decimal-2.0.1.tgz",
      "integrity": "sha512-AAB9hiomQs5DXWcRB1rqsxGUstbRroFOPPVAomNk/3XHR5JyEZChOyTWe2oayKnsSsr/kcGqF+z6yuH6HHpN0A==",
      "funding": {
        "type": "github",
        "url": "https://github.com/sponsors/wooorm"
      }
    },
    "node_modules/js-tokens": {
      "version": "4.0.0",
      "resolved": "https://registry.npmjs.org/js-tokens/-/js-tokens-4.0.0.tgz",
      "integrity": "sha512-RdJUflcE3cUzKiMqQgsCu06FPu9UdIJO0beYbPhHN4k6apgJtifcoCtT9bcxOpYBtpD2kCM6Sbzg4CausW/PKQ=="
    },
    "node_modules/lie": {
      "version": "3.1.1",
      "resolved": "https://registry.npmjs.org/lie/-/lie-3.1.1.tgz",
      "integrity": "sha512-RiNhHysUjhrDQntfYSfY4MU24coXXdEOgw9WGcKHNeEwffDYbF//u87M1EWaMGzuFoSbqW0C9C6lEEhDOAswfw==",
      "dependencies": {
        "immediate": "~3.0.5"
      }
    },
    "node_modules/localforage": {
      "version": "1.10.0",
      "resolved": "https://registry.npmjs.org/localforage/-/localforage-1.10.0.tgz",
      "integrity": "sha512-14/H1aX7hzBBmmh7sGPd+AOMkkIrHM3Z1PAyGgZigA1H1p5O5ANnMyWzvpAETtG68/dC4pC0ncy3+PPGzXZHPg==",
      "dependencies": {
        "lie": "3.1.1"
      }
    },
    "node_modules/loose-envify": {
      "version": "1.4.0",
      "resolved": "https://registry.npmjs.org/loose-envify/-/loose-envify-1.4.0.tgz",
      "integrity": "sha512-lyuxPGr/Wfhrlem2CL/UcnUc1zcqKAImBDzukY7Y5F/yQiNdko6+fRLevlw1HgMySw7f611UIY408EtxRSoK3Q==",
      "dependencies": {
        "js-tokens": "^3.0.0 || ^4.0.0"
      },
      "bin": {
        "loose-envify": "cli.js"
      }
    },
    "node_modules/lucide-react": {
      "version": "0.525.0",
      "resolved": "https://registry.npmjs.org/lucide-react/-/lucide-react-0.525.0.tgz",
      "integrity": "sha512-Tm1txJ2OkymCGkvwoHt33Y2JpN5xucVq1slHcgE6Lk0WjDfjgKWor5CdVER8U6DvcfMwh4M8XxmpTiyzfmfDYQ==",
      "peerDependencies": {
        "react": "^16.5.1 || ^17.0.0 || ^18.0.0 || ^19.0.0"
      }
    },
    "node_modules/media-chrome": {
      "version": "4.11.1",
      "resolved": "https://registry.npmjs.org/media-chrome/-/media-chrome-4.11.1.tgz",
      "integrity": "sha512-+2niDc4qOwlpFAjwxg1OaizK/zKV6y7QqGm4nBFEVlSaG0ZBgOmfc4IXAPiirZqAlZGaFFUaMqCl1SpGU0/naA==",
      "dependencies": {
        "@vercel/edge": "^1.2.1",
        "ce-la-react": "^0.3.0"
      }
    },
    "node_modules/media-tracks": {
      "version": "0.3.3",
      "resolved": "https://registry.npmjs.org/media-tracks/-/media-tracks-0.3.3.tgz",
      "integrity": "sha512-9P2FuUHnZZ3iji+2RQk7Zkh5AmZTnOG5fODACnjhCVveX1McY3jmCRHofIEI+yTBqplz7LXy48c7fQ3Uigp88w=="
    },
    "node_modules/motion": {
      "version": "12.23.3",
      "resolved": "https://registry.npmjs.org/motion/-/motion-12.23.3.tgz",
      "integrity": "sha512-7N0Q4c+Xms+wuq2o27rPONLYNOhQUsLRpMi8CcVxv9FFJhGAqRNjJ1hrBCxHh+Rx6B2W2WPbCOLQc+QJ3rw6Rw==",
      "dependencies": {
        "framer-motion": "^12.23.3",
        "tslib": "^2.4.0"
      },
      "peerDependencies": {
        "@emotion/is-prop-valid": "*",
        "react": "^18.0.0 || ^19.0.0",
        "react-dom": "^18.0.0 || ^19.0.0"
      },
      "peerDependenciesMeta": {
        "@emotion/is-prop-valid": {
          "optional": true
        },
        "react": {
          "optional": true
        },
        "react-dom": {
          "optional": true
        }
      }
    },
    "node_modules/motion-dom": {
      "version": "12.23.2",
      "resolved": "https://registry.npmjs.org/motion-dom/-/motion-dom-12.23.2.tgz",
      "integrity": "sha512-73j6xDHX/NvVh5L5oS1ouAVnshsvmApOq4F3VZo5MkYSD/YVsVLal4Qp9wvVgJM9uU2bLZyc0Sn8B9c/MMKk4g==",
      "dependencies": {
        "motion-utils": "^12.23.2"
      }
    },
    "node_modules/motion-utils": {
      "version": "12.23.2",
      "resolved": "https://registry.npmjs.org/motion-utils/-/motion-utils-12.23.2.tgz",
      "integrity": "sha512-cIEXlBlXAOUyiAtR0S+QPQUM9L3Diz23Bo+zM420NvSd/oPQJwg6U+rT+WRTpp0rizMsBGQOsAwhWIfglUcZfA=="
    },
    "node_modules/mux-embed": {
      "version": "5.9.0",
      "resolved": "https://registry.npmjs.org/mux-embed/-/mux-embed-5.9.0.tgz",
      "integrity": "sha512-wmunL3uoPhma/tWy8PrDPZkvJpXvSFBwbD3KkC4PG8Ztjfb1X3hRJwGUAQyRz7z99b/ovLm2UTTitrkvStjH4w=="
    },
    "node_modules/native-promise-only": {
      "version": "0.8.1",
      "resolved": "https://registry.npmjs.org/native-promise-only/-/native-promise-only-0.8.1.tgz",
      "integrity": "sha512-zkVhZUA3y8mbz652WrL5x0fB0ehrBkulWT3TomAQ9iDtyXZvzKeEA6GPxAItBYeNYl5yngKRX612qHOhvMkDeg=="
    },
    "node_modules/object-assign": {
      "version": "4.1.1",
      "resolved": "https://registry.npmjs.org/object-assign/-/object-assign-4.1.1.tgz",
      "integrity": "sha512-rJgTQnkUnH1sFw8yT6VSU3zD3sWmu6sZhIseY8VX+GRu3P6F7Fu+JNDoXfklElbLJSnc3FUQHVe4cU5hj+BcUg==",
      "engines": {
        "node": ">=0.10.0"
      }
    },
    "node_modules/path-browserify": {
      "version": "1.0.1",
      "resolved": "https://registry.npmjs.org/path-browserify/-/path-browserify-1.0.1.tgz",
      "integrity": "sha512-b7uo2UCUOYZcnF/3ID0lulOJi/bafxa1xPe7ZPsammBSpjSWQkjNxlt635YGS2MiR9GjvuXCtz2emr3jbsz98g=="
    },
    "node_modules/player.style": {
      "version": "0.1.10",
      "resolved": "https://registry.npmjs.org/player.style/-/player.style-0.1.10.tgz",
      "integrity": "sha512-Jxv7tlaQ3SFCddsN35jzoGnCHB3/xMTbJOgn4zcsmF0lcZvRPq5UkRRAD5tZm8CvzKndUvtoDlG6GSPL/N/SrA==",
      "workspaces": [
        ".",
        "site",
        "examples/*",
        "scripts/*",
        "themes/*"
      ],
      "dependencies": {
        "media-chrome": "~4.11.0"
      }
    },
    "node_modules/prop-types": {
      "version": "15.8.1",
      "resolved": "https://registry.npmjs.org/prop-types/-/prop-types-15.8.1.tgz",
      "integrity": "sha512-oj87CgZICdulUohogVAR7AjlC0327U4el4L6eAvOqCeudMDVU0NThNaV+b9Df4dXgSP1gXMTnPdhfe/2qDH5cg==",
      "dependencies": {
        "loose-envify": "^1.4.0",
        "object-assign": "^4.1.1",
        "react-is": "^16.13.1"
      }
    },
    "node_modules/react": {
      "version": "19.1.1",
      "resolved": "https://registry.npmjs.org/react/-/react-19.1.1.tgz",
      "integrity": "sha512-w8nqGImo45dmMIfljjMwOGtbmC/mk4CMYhWIicdSflH91J9TyCyczcPFXJzrZ/ZXcgGRFeP6BU0BEJTw6tZdfQ==",
      "peer": true,
      "engines": {
        "node": ">=0.10.0"
      }
    },
    "node_modules/react-dom": {
      "version": "19.1.1",
      "resolved": "https://registry.npmjs.org/react-dom/-/react-dom-19.1.1.tgz",
      "integrity": "sha512-Dlq/5LAZgF0Gaz6yiqZCf6VCcZs1ghAJyrsu84Q/GT0gV+mCxbfmKNoGRKBYMJ8IEdGPqu49YWXD02GCknEDkw==",
      "peer": true,
      "dependencies": {
        "scheduler": "^0.26.0"
      },
      "peerDependencies": {
        "react": "^19.1.1"
      }
    },
    "node_modules/react-is": {
      "version": "16.13.1",
      "resolved": "https://registry.npmjs.org/react-is/-/react-is-16.13.1.tgz",
      "integrity": "sha512-24e6ynE2H+OKt4kqsOvNd8kBpV65zoxbA4BVsEOB3ARVWQki/DHzaUoC5KuON/BiccDaCCTZBuOcfZs70kR8bQ=="
    },
    "node_modules/react-player": {
      "version": "3.3.1",
      "resolved": "https://registry.npmjs.org/react-player/-/react-player-3.3.1.tgz",
      "integrity": "sha512-wE/xLloneXZ1keelFCaNeIFVNUp4/7YoUjfHjwF945aQzsbDKiIB0LQuCchGL+la0Y1IybxnR0R6Cm3AiqInMw==",
      "dependencies": {
        "@mux/mux-player-react": "^3.5.1",
        "cloudflare-video-element": "^1.3.3",
        "dash-video-element": "^0.1.6",
        "hls-video-element": "^1.5.6",
        "spotify-audio-element": "^1.0.2",
        "tiktok-video-element": "^0.1.0",
        "twitch-video-element": "^0.1.2",
        "vimeo-video-element": "^1.5.3",
        "wistia-video-element": "^1.3.3",
        "youtube-video-element": "^1.6.1"
      },
      "peerDependencies": {
        "@types/react": "^17.0.0 || ^18 || ^19",
        "react": "^17.0.2 || ^18 || ^19",
        "react-dom": "^17.0.2 || ^18 || ^19"
      }
    },
    "node_modules/sax": {
      "version": "1.2.1",
      "resolved": "https://registry.npmjs.org/sax/-/sax-1.2.1.tgz",
      "integrity": "sha512-8I2a3LovHTOpm7NV5yOyO8IHqgVsfK4+UuySrXU8YXkSRX7k6hCV9b3HrkKCr3nMpgj+0bmocaJJWpvp1oc7ZA=="
    },
    "node_modules/scheduler": {
      "version": "0.26.0",
      "resolved": "https://registry.npmjs.org/scheduler/-/scheduler-0.26.0.tgz",
      "integrity": "sha512-NlHwttCI/l5gCPR3D1nNXtWABUmBwvZpEQiD4IXSbIDq8BzLIK/7Ir5gTFSGZDUu37K5cMNp0hFtzO38sC7gWA==",
      "peer": true
    },
    "node_modules/spotify-audio-element": {
      "version": "1.0.3",
      "resolved": "https://registry.npmjs.org/spotify-audio-element/-/spotify-audio-element-1.0.3.tgz",
      "integrity": "sha512-I1/qD8cg/UnTlCIMiKSdZUJTyYfYhaqFK7LIVElc48eOqUUbVCaw1bqL8I6mJzdMJTh3eoNyF/ewvB7NoS/g9A=="
    },
    "node_modules/super-media-element": {
      "version": "1.4.2",
      "resolved": "https://registry.npmjs.org/super-media-element/-/super-media-element-1.4.2.tgz",
      "integrity": "sha512-9pP/CVNp4NF2MNlRzLwQkjiTgKKe9WYXrLh9+8QokWmMxz+zt2mf1utkWLco26IuA3AfVcTb//qtlTIjY3VHxA=="
    },
    "node_modules/tiktok-video-element": {
      "version": "0.1.1",
      "resolved": "https://registry.npmjs.org/tiktok-video-element/-/tiktok-video-element-0.1.1.tgz",
      "integrity": "sha512-BaiVzvNz2UXDKTdSrXzrNf4q6Ecc+/utYUh7zdEu2jzYcJVDoqYbVfUl0bCfMoOeeAqg28vD/yN63Y3E9jOrlA=="
    },
    "node_modules/tslib": {
      "version": "2.8.1",
      "resolved": "https://registry.npmjs.org/tslib/-/tslib-2.8.1.tgz",
      "integrity": "sha512-oJFu94HQb+KVduSUQL7wnpmqnfmLsOA/nAh6b6EH0wCEoK0/mPeXU6c3wKDV83MkOuHPRHtSXKKU99IBazS/2w=="
    },
    "node_modules/twitch-video-element": {
      "version": "0.1.4",
      "resolved": "https://registry.npmjs.org/twitch-video-element/-/twitch-video-element-0.1.4.tgz",
      "integrity": "sha512-SDpZ4f7sZmwHF6XG5PF0KWuP18pH/kNG04MhTcpqJby7Lk/D3TS/lCYd+RSg0rIAAVi1LDgSIo1yJs9kmHlhgw=="
    },
    "node_modules/ua-parser-js": {
      "version": "1.0.41",
      "resolved": "https://registry.npmjs.org/ua-parser-js/-/ua-parser-js-1.0.41.tgz",
      "integrity": "sha512-LbBDqdIC5s8iROCUjMbW1f5dJQTEFB1+KO9ogbvlb3nm9n4YHa5p4KTvFPWvh2Hs8gZMBuiB1/8+pdfe/tDPug==",
      "funding": [
        {
          "type": "opencollective",
          "url": "https://opencollective.com/ua-parser-js"
        },
        {
          "type": "paypal",
          "url": "https://paypal.me/faisalman"
        },
        {
          "type": "github",
          "url": "https://github.com/sponsors/faisalman"
        }
      ],
      "bin": {
        "ua-parser-js": "script/cli.js"
      },
      "engines": {
        "node": "*"
      }
    },
    "node_modules/vimeo-video-element": {
      "version": "1.5.4",
      "resolved": "https://registry.npmjs.org/vimeo-video-element/-/vimeo-video-element-1.5.4.tgz",
      "integrity": "sha512-4C9+Gnac7gOVNNu3tWQgzuwG4mFVaiCmUz8RtV1l+xkirgcZ0kEJOSIblXx/Y7DIfM+BbeepptxL9SP/ZrskJA==",
      "dependencies": {
        "@vimeo/player": "2.29.0"
      }
    },
    "node_modules/weakmap-polyfill": {
      "version": "2.0.4",
      "resolved": "https://registry.npmjs.org/weakmap-polyfill/-/weakmap-polyfill-2.0.4.tgz",
      "integrity": "sha512-ZzxBf288iALJseijWelmECm/1x7ZwQn3sMYIkDr2VvZp7r6SEKuT8D0O9Wiq6L9Nl5mazrOMcmiZE/2NCenaxw==",
      "engines": {
        "node": ">=8.10.0"
      }
    },
    "node_modules/wistia-video-element": {
      "version": "1.3.4",
      "resolved": "https://registry.npmjs.org/wistia-video-element/-/wistia-video-element-1.3.4.tgz",
      "integrity": "sha512-2l22oaQe4jUfi3yvsh2m2oCEgvbqTzaSYx6aJnZAvV5hlMUJlyZheFUnaj0JU2wGlHdVGV7xNY+5KpKu+ruLYA==",
      "dependencies": {
        "super-media-element": "~1.4.2"
      }
    },
    "node_modules/youtube-video-element": {
      "version": "1.6.2",
      "resolved": "https://registry.npmjs.org/youtube-video-element/-/youtube-video-element-1.6.2.tgz",
      "integrity": "sha512-YHDIOAqgRpfl1Ois9HcB8UFtWOxK8KJrV5TXpImj4BKYP1rWT04f/fMM9tQ9SYZlBKukT7NR+9wcI3UpB5BMDQ=="
    }
  }
}
